
Microsoft Visual Studio Solution File, Format Version 12.00
# Visual Studio 15
VisualStudioVersion = 15.0.28307.271
MinimumVisualStudioVersion = 10.0.40219.1
Project("{FAE04EC0-301F-11D3-BF4B-00C04F79EFBC}") = "CountVowels", "CountVowels\CountVowels.csproj", "{D401108A-AE42-475E-934B-6F496F5C984E}"
EndProject
Global
	GlobalSection(SolutionConfigurationPlatforms) = preSolution
		Debug|Any CPU = Debug|Any CPU
		Release|Any CPU = Release|Any CPU
	EndGlobalSection
	GlobalSection(ProjectConfigurationPlatforms) = postSolution
		{D401108A-AE42-475E-934B-6F496F5C984E}.Debug|Any CPU.ActiveCfg = Debug|Any CPU
		{D401108A-AE42-475E-934B-6F496F5C984E}.Debug|Any CPU.Build.0 = Debug|Any CPU
		{D401108A-AE42-475E-934B-6F496F5C984E}.Release|Any CPU.ActiveCfg = Release|Any CPU
		{D401108A-AE42-475E-934B-6F496F5C984E}.Release|Any CPU.Build.0 = Release|Any CPU
	EndGlobalSection
	GlobalSection(SolutionProperties) = preSolution
		HideSolutionNode = FALSE
	EndGlobalSection
	GlobalSection(ExtensibilityGlobals) = postSolution
		SolutionGuid = {395965A8-9838-4D03-94B8-43177F747599}
	EndGlobalSection
EndGlobal
